Microsoft Visual Studio Solution File, Format Version 12.00
# Visual Studio Version 17
VisualStudioVersion = 17.5.2.0
MinimumVisualStudioVersion = 10.0.40219.1
Project("{FAE04EC0-301F-11D3-BF4B-00C04F79EFBC}") = "MerkleTree", "MerkleTree\MerkleTree.csproj", "{2E30C547-A764-A61F-D6D5-F3883DE59269}"
EndProject
Global
	GlobalSection(SolutionConfigurationPlatforms) = preSolution
		Debug|Any CPU = Debug|Any CPU
		Release|Any CPU = Release|Any CPU
	EndGlobalSection
	GlobalSection(ProjectConfigurationPlatforms) = postSolution
		{2E30C547-A764-A61F-D6D5-F3883DE59269}.Debug|Any CPU.ActiveCfg = Debug|Any CPU
		{2E30C547-A764-A61F-D6D5-F3883DE59269}.Debug|Any CPU.Build.0 = Debug|Any CPU
		{2E30C547-A764-A61F-D6D5-F3883DE59269}.Release|Any CPU.ActiveCfg = Release|Any CPU
		{2E30C547-A764-A61F-D6D5-F3883DE59269}.Release|Any CPU.Build.0 = Release|Any CPU
	EndGlobalSection
	GlobalSection(SolutionProperties) = preSolution
		HideSolutionNode = FALSE
	EndGlobalSection
	GlobalSection(ExtensibilityGlobals) = postSolution
		SolutionGuid = {79ADADB6-83CB-438E-AECB-54F23F55EE57}
	EndGlobalSection
EndGlobal
