Microsoft Visual Studio Solution File, Format Version 12.00
# Visual Studio Version 17
VisualStudioVersion = 17.5.2.0
MinimumVisualStudioVersion = 10.0.40219.1
Project("{FAE04EC0-301F-11D3-BF4B-00C04F79EFBC}") = "MerkleTree", "MerkleTree\MerkleTree.csproj", "{2E30C547-A764-A61F-D6D5-F3883DE59269}"
EndProject
Project("{FAE04EC0-301F-11D3-BF4B-00C04F79EFBC}") = "Common", "Common\Common.csproj", "{FF63CC1B-FC33-4BC9-B9B2-1D6AC459CF35}"
EndProject
Project("{FAE04EC0-301F-11D3-BF4B-00C04F79EFBC}") = "MerkleTreeTest", "MerkleTreeTest\MerkleTreeTest.csproj", "{86654AC3-9A59-459A-80B5-4D3BDAC2E465}"
EndProject
Project("{FAE04EC0-301F-11D3-BF4B-00C04F79EFBC}") = "MerkleTreeMain", "MerkleTreeMain\MerkleTreeMain.csproj", "{BAE817C9-18C4-40DB-98AE-262A0BBF86A1}"
EndProject
Project("{FAE04EC0-301F-11D3-BF4B-00C04F79EFBC}") = "MerkleTreeApi", "MerkleTreeApi\MerkleTreeApi.csproj", "{D3235225-2258-444E-9078-4429535E361A}"
EndProject
Project("{FAE04EC0-301F-11D3-BF4B-00C04F79EFBC}") = "MerkleTreeApiTest", "MerkleTreeApiTest\MerkleTreeApiTest.csproj", "{89321610-AE6F-4F79-8815-7DE25B1F4290}"
EndProject
Global
	GlobalSection(SolutionConfigurationPlatforms) = preSolution
		Debug|Any CPU = Debug|Any CPU
		Release|Any CPU = Release|Any CPU
	EndGlobalSection
	GlobalSection(ProjectConfigurationPlatforms) = postSolution
		{2E30C547-A764-A61F-D6D5-F3883DE59269}.Debug|Any CPU.ActiveCfg = Debug|Any CPU
		{2E30C547-A764-A61F-D6D5-F3883DE59269}.Debug|Any CPU.Build.0 = Debug|Any CPU
		{2E30C547-A764-A61F-D6D5-F3883DE59269}.Release|Any CPU.ActiveCfg = Release|Any CPU
		{2E30C547-A764-A61F-D6D5-F3883DE59269}.Release|Any CPU.Build.0 = Release|Any CPU
		{FF63CC1B-FC33-4BC9-B9B2-1D6AC459CF35}.Debug|Any CPU.ActiveCfg = Debug|Any CPU
		{FF63CC1B-FC33-4BC9-B9B2-1D6AC459CF35}.Debug|Any CPU.Build.0 = Debug|Any CPU
		{FF63CC1B-FC33-4BC9-B9B2-1D6AC459CF35}.Release|Any CPU.ActiveCfg = Release|Any CPU
		{FF63CC1B-FC33-4BC9-B9B2-1D6AC459CF35}.Release|Any CPU.Build.0 = Release|Any CPU
		{86654AC3-9A59-459A-80B5-4D3BDAC2E465}.Debug|Any CPU.ActiveCfg = Debug|Any CPU
		{86654AC3-9A59-459A-80B5-4D3BDAC2E465}.Debug|Any CPU.Build.0 = Debug|Any CPU
		{86654AC3-9A59-459A-80B5-4D3BDAC2E465}.Release|Any CPU.ActiveCfg = Release|Any CPU
		{86654AC3-9A59-459A-80B5-4D3BDAC2E465}.Release|Any CPU.Build.0 = Release|Any CPU
		{BAE817C9-18C4-40DB-98AE-262A0BBF86A1}.Debug|Any CPU.ActiveCfg = Debug|Any CPU
		{BAE817C9-18C4-40DB-98AE-262A0BBF86A1}.Debug|Any CPU.Build.0 = Debug|Any CPU
		{BAE817C9-18C4-40DB-98AE-262A0BBF86A1}.Release|Any CPU.ActiveCfg = Release|Any CPU
		{BAE817C9-18C4-40DB-98AE-262A0BBF86A1}.Release|Any CPU.Build.0 = Release|Any CPU
		{D3235225-2258-444E-9078-4429535E361A}.Debug|Any CPU.ActiveCfg = Debug|Any CPU
		{D3235225-2258-444E-9078-4429535E361A}.Debug|Any CPU.Build.0 = Debug|Any CPU
		{D3235225-2258-444E-9078-4429535E361A}.Release|Any CPU.ActiveCfg = Release|Any CPU
		{D3235225-2258-444E-9078-4429535E361A}.Release|Any CPU.Build.0 = Release|Any CPU
		{89321610-AE6F-4F79-8815-7DE25B1F4290}.Debug|Any CPU.ActiveCfg = Debug|Any CPU
		{89321610-AE6F-4F79-8815-7DE25B1F4290}.Debug|Any CPU.Build.0 = Debug|Any CPU
		{89321610-AE6F-4F79-8815-7DE25B1F4290}.Release|Any CPU.ActiveCfg = Release|Any CPU
		{89321610-AE6F-4F79-8815-7DE25B1F4290}.Release|Any CPU.Build.0 = Release|Any CPU
	EndGlobalSection
	GlobalSection(SolutionProperties) = preSolution
		HideSolutionNode = FALSE
	EndGlobalSection
	GlobalSection(ExtensibilityGlobals) = postSolution
		SolutionGuid = {79ADADB6-83CB-438E-AECB-54F23F55EE57}
	EndGlobalSection
EndGlobal
